
Microsoft Visual Studio Solution File, Format Version 12.00
# Visual Studio Version 16
VisualStudioVersion = 16.0.29409.12
MinimumVisualStudioVersion = 10.0.40219.1
Project("{9A19103F-16F7-4668-BE54-9A1E7A4F7556}") = "MetalsPrices.Api", "MetalsPrices.Api\MetalsPrices.Api.csproj", "{903A6E18-1525-44D9-B9DF-81AF6BF68C9E}"
EndProject
Project("{FAE04EC0-301F-11D3-BF4B-00C04F79EFBC}") = "MetalsPrices.Abstraction.MeralPricesServices", "MetalsPrices.Abstraction.MeralPricesServices\MetalsPrices.Abstraction.MeralPricesServices.csproj", "{2390C2FD-6E8C-4F87-A715-91DA4EAF8802}"
EndProject
Project("{FAE04EC0-301F-11D3-BF4B-00C04F79EFBC}") = "MetalsPrices.Abstraction.MetalPricesDataProviders", "MetalsPrices.Abstraction.MetalPricesDataProviders\MetalsPrices.Abstraction.MetalPricesDataProviders.csproj", "{80E24F23-0700-4F69-A6C1-716D6EB29528}"
EndProject
Project("{FAE04EC0-301F-11D3-BF4B-00C04F79EFBC}") = "MetalsPrices.ExternalApi.Services", "MetalsPrices.ExternalApi.Services\MetalsPrices.ExternalApi.Services.csproj", "{FA8B8694-4EC9-4D76-B9BE-FFF7C60D7819}"
EndProject
Global
	GlobalSection(SolutionConfigurationPlatforms) = preSolution
		Debug|Any CPU = Debug|Any CPU
		Release|Any CPU = Release|Any CPU
	EndGlobalSection
	GlobalSection(ProjectConfigurationPlatforms) = postSolution
		{903A6E18-1525-44D9-B9DF-81AF6BF68C9E}.Debug|Any CPU.ActiveCfg = Debug|Any CPU
		{903A6E18-1525-44D9-B9DF-81AF6BF68C9E}.Debug|Any CPU.Build.0 = Debug|Any CPU
		{903A6E18-1525-44D9-B9DF-81AF6BF68C9E}.Release|Any CPU.ActiveCfg = Release|Any CPU
		{903A6E18-1525-44D9-B9DF-81AF6BF68C9E}.Release|Any CPU.Build.0 = Release|Any CPU
		{2390C2FD-6E8C-4F87-A715-91DA4EAF8802}.Debug|Any CPU.ActiveCfg = Debug|Any CPU
		{2390C2FD-6E8C-4F87-A715-91DA4EAF8802}.Debug|Any CPU.Build.0 = Debug|Any CPU
		{2390C2FD-6E8C-4F87-A715-91DA4EAF8802}.Release|Any CPU.ActiveCfg = Release|Any CPU
		{2390C2FD-6E8C-4F87-A715-91DA4EAF8802}.Release|Any CPU.Build.0 = Release|Any CPU
		{80E24F23-0700-4F69-A6C1-716D6EB29528}.Debug|Any CPU.ActiveCfg = Debug|Any CPU
		{80E24F23-0700-4F69-A6C1-716D6EB29528}.Debug|Any CPU.Build.0 = Debug|Any CPU
		{80E24F23-0700-4F69-A6C1-716D6EB29528}.Release|Any CPU.ActiveCfg = Release|Any CPU
		{80E24F23-0700-4F69-A6C1-716D6EB29528}.Release|Any CPU.Build.0 = Release|Any CPU
		{FA8B8694-4EC9-4D76-B9BE-FFF7C60D7819}.Debug|Any CPU.ActiveCfg = Debug|Any CPU
		{FA8B8694-4EC9-4D76-B9BE-FFF7C60D7819}.Debug|Any CPU.Build.0 = Debug|Any CPU
		{FA8B8694-4EC9-4D76-B9BE-FFF7C60D7819}.Release|Any CPU.ActiveCfg = Release|Any CPU
		{FA8B8694-4EC9-4D76-B9BE-FFF7C60D7819}.Release|Any CPU.Build.0 = Release|Any CPU
	EndGlobalSection
	GlobalSection(SolutionProperties) = preSolution
		HideSolutionNode = FALSE
	EndGlobalSection
	GlobalSection(ExtensibilityGlobals) = postSolution
		SolutionGuid = {15FE5947-0323-439B-A39A-14BCA4D06D6F}
	EndGlobalSection
EndGlobal
