
Microsoft Visual Studio Solution File, Format Version 12.00
# Visual Studio Version 16
VisualStudioVersion = 16.0.29409.12
MinimumVisualStudioVersion = 10.0.40219.1
Project("{FAE04EC0-301F-11D3-BF4B-00C04F79EFBC}") = "MetalsPrices.Api", "MetalsPrices.Api\MetalsPrices.Api.csproj", "{903A6E18-1525-44D9-B9DF-81AF6BF68C9E}"
EndProject
Project("{FAE04EC0-301F-11D3-BF4B-00C04F79EFBC}") = "MetalsPrices.Services", "MetalsPrices.Services\MetalsPrices.Services.csproj", "{2C506A67-F677-44F6-9B54-58B75430C996}"
EndProject
Global
	GlobalSection(SolutionConfigurationPlatforms) = preSolution
		Debug|Any CPU = Debug|Any CPU
		Release|Any CPU = Release|Any CPU
	EndGlobalSection
	GlobalSection(ProjectConfigurationPlatforms) = postSolution
		{903A6E18-1525-44D9-B9DF-81AF6BF68C9E}.Debug|Any CPU.ActiveCfg = Debug|Any CPU
		{903A6E18-1525-44D9-B9DF-81AF6BF68C9E}.Debug|Any CPU.Build.0 = Debug|Any CPU
		{903A6E18-1525-44D9-B9DF-81AF6BF68C9E}.Release|Any CPU.ActiveCfg = Release|Any CPU
		{903A6E18-1525-44D9-B9DF-81AF6BF68C9E}.Release|Any CPU.Build.0 = Release|Any CPU
		{2C506A67-F677-44F6-9B54-58B75430C996}.Debug|Any CPU.ActiveCfg = Debug|Any CPU
		{2C506A67-F677-44F6-9B54-58B75430C996}.Debug|Any CPU.Build.0 = Debug|Any CPU
		{2C506A67-F677-44F6-9B54-58B75430C996}.Release|Any CPU.ActiveCfg = Release|Any CPU
		{2C506A67-F677-44F6-9B54-58B75430C996}.Release|Any CPU.Build.0 = Release|Any CPU
	EndGlobalSection
	GlobalSection(SolutionProperties) = preSolution
		HideSolutionNode = FALSE
	EndGlobalSection
	GlobalSection(ExtensibilityGlobals) = postSolution
		SolutionGuid = {15FE5947-0323-439B-A39A-14BCA4D06D6F}
	EndGlobalSection
EndGlobal
