
Microsoft Visual Studio Solution File, Format Version 12.00
# Visual Studio Version 16
VisualStudioVersion = 16.0.29911.84
MinimumVisualStudioVersion = 10.0.40219.1
Project("{9A19103F-16F7-4668-BE54-9A1E7A4F7556}") = "GoldChartsApi", "GoldChartsApi\GoldChartsApi.csproj", "{28C25293-A11D-4E9C-8871-4CCA2677E0FD}"
EndProject
Project("{9A19103F-16F7-4668-BE54-9A1E7A4F7556}") = "CurrencyDataProvider", "CurrencyDataProvider\CurrencyDataProvider.csproj", "{39B48D94-BF43-4B2B-A76D-2F31372064AE}"
EndProject
Project("{9A19103F-16F7-4668-BE54-9A1E7A4F7556}") = "Model", "Model\Model.csproj", "{A0E087D0-6A29-40F4-9BA4-73BB64B3D551}"
EndProject
Project("{9A19103F-16F7-4668-BE54-9A1E7A4F7556}") = "MetalApi", "MetalApi\MetalApi.csproj", "{06E124BA-5C72-4A1B-8907-41CCC1DDB0E0}"
EndProject
Project("{9A19103F-16F7-4668-BE54-9A1E7A4F7556}") = "MetalReadModel", "MetalReadModel\MetalReadModel.csproj", "{0C05E756-08C3-4DEC-8E78-CB29F0E75929}"
EndProject
Project("{FAE04EC0-301F-11D3-BF4B-00C04F79EFBC}") = "CurrencyApi", "CurrencyApi\CurrencyApi.csproj", "{CA8AADC7-5507-4E0F-965A-927712F67A69}"
EndProject
Global
	GlobalSection(SolutionConfigurationPlatforms) = preSolution
		Debug|Any CPU = Debug|Any CPU
		Release|Any CPU = Release|Any CPU
	EndGlobalSection
	GlobalSection(ProjectConfigurationPlatforms) = postSolution
		{28C25293-A11D-4E9C-8871-4CCA2677E0FD}.Debug|Any CPU.ActiveCfg = Debug|Any CPU
		{28C25293-A11D-4E9C-8871-4CCA2677E0FD}.Debug|Any CPU.Build.0 = Debug|Any CPU
		{28C25293-A11D-4E9C-8871-4CCA2677E0FD}.Release|Any CPU.ActiveCfg = Release|Any CPU
		{28C25293-A11D-4E9C-8871-4CCA2677E0FD}.Release|Any CPU.Build.0 = Release|Any CPU
		{39B48D94-BF43-4B2B-A76D-2F31372064AE}.Debug|Any CPU.ActiveCfg = Debug|Any CPU
		{39B48D94-BF43-4B2B-A76D-2F31372064AE}.Debug|Any CPU.Build.0 = Debug|Any CPU
		{39B48D94-BF43-4B2B-A76D-2F31372064AE}.Release|Any CPU.ActiveCfg = Release|Any CPU
		{39B48D94-BF43-4B2B-A76D-2F31372064AE}.Release|Any CPU.Build.0 = Release|Any CPU
		{A0E087D0-6A29-40F4-9BA4-73BB64B3D551}.Debug|Any CPU.ActiveCfg = Debug|Any CPU
		{A0E087D0-6A29-40F4-9BA4-73BB64B3D551}.Debug|Any CPU.Build.0 = Debug|Any CPU
		{A0E087D0-6A29-40F4-9BA4-73BB64B3D551}.Release|Any CPU.ActiveCfg = Release|Any CPU
		{A0E087D0-6A29-40F4-9BA4-73BB64B3D551}.Release|Any CPU.Build.0 = Release|Any CPU
		{06E124BA-5C72-4A1B-8907-41CCC1DDB0E0}.Debug|Any CPU.ActiveCfg = Debug|Any CPU
		{06E124BA-5C72-4A1B-8907-41CCC1DDB0E0}.Debug|Any CPU.Build.0 = Debug|Any CPU
		{06E124BA-5C72-4A1B-8907-41CCC1DDB0E0}.Release|Any CPU.ActiveCfg = Release|Any CPU
		{06E124BA-5C72-4A1B-8907-41CCC1DDB0E0}.Release|Any CPU.Build.0 = Release|Any CPU
		{0C05E756-08C3-4DEC-8E78-CB29F0E75929}.Debug|Any CPU.ActiveCfg = Debug|Any CPU
		{0C05E756-08C3-4DEC-8E78-CB29F0E75929}.Debug|Any CPU.Build.0 = Debug|Any CPU
		{0C05E756-08C3-4DEC-8E78-CB29F0E75929}.Release|Any CPU.ActiveCfg = Release|Any CPU
		{0C05E756-08C3-4DEC-8E78-CB29F0E75929}.Release|Any CPU.Build.0 = Release|Any CPU
		{CA8AADC7-5507-4E0F-965A-927712F67A69}.Debug|Any CPU.ActiveCfg = Debug|Any CPU
		{CA8AADC7-5507-4E0F-965A-927712F67A69}.Debug|Any CPU.Build.0 = Debug|Any CPU
		{CA8AADC7-5507-4E0F-965A-927712F67A69}.Release|Any CPU.ActiveCfg = Release|Any CPU
		{CA8AADC7-5507-4E0F-965A-927712F67A69}.Release|Any CPU.Build.0 = Release|Any CPU
	EndGlobalSection
	GlobalSection(SolutionProperties) = preSolution
		HideSolutionNode = FALSE
	EndGlobalSection
	GlobalSection(ExtensibilityGlobals) = postSolution
		SolutionGuid = {1BBD821D-8436-44FD-B96E-89C06CF2D116}
	EndGlobalSection
EndGlobal
